
Microsoft Visual Studio Solution File, Format Version 12.00
# Visual Studio 15
VisualStudioVersion = 15.0.28307.902
MinimumVisualStudioVersion = 10.0.40219.1
Project("{FAE04EC0-301F-11D3-BF4B-00C04F79EFBC}") = "ReceiptRecognitionApp", "ReceiptRecognitionApp\ReceiptRecognitionApp.csproj", "{DDB98368-986D-4EA4-810F-285E932C765F}"
EndProject
Global
	GlobalSection(SolutionConfigurationPlatforms) = preSolution
		Debug|Any CPU = Debug|Any CPU
		Release|Any CPU = Release|Any CPU
	EndGlobalSection
	GlobalSection(ProjectConfigurationPlatforms) = postSolution
		{DDB98368-986D-4EA4-810F-285E932C765F}.Debug|Any CPU.ActiveCfg = Debug|Any CPU
		{DDB98368-986D-4EA4-810F-285E932C765F}.Debug|Any CPU.Build.0 = Debug|Any CPU
		{DDB98368-986D-4EA4-810F-285E932C765F}.Release|Any CPU.ActiveCfg = Release|Any CPU
		{DDB98368-986D-4EA4-810F-285E932C765F}.Release|Any CPU.Build.0 = Release|Any CPU
	EndGlobalSection
	GlobalSection(SolutionProperties) = preSolution
		HideSolutionNode = FALSE
	EndGlobalSection
	GlobalSection(ExtensibilityGlobals) = postSolution
		SolutionGuid = {C91D8C2B-584C-4BC1-BAF3-C5C4D48DB196}
	EndGlobalSection
EndGlobal
